
Microsoft Visual Studio Solution File, Format Version 12.00
# Visual Studio Version 17
VisualStudioVersion = 17.11.35431.28
MinimumVisualStudioVersion = 10.0.40219.1
Project("{FAE04EC0-301F-11D3-BF4B-00C04F79EFBC}") = "Question9", "Question9.csproj", "{647AF4E8-7B1F-4189-8E42-E5FE6F05DFCC}"
EndProject
Global
	GlobalSection(SolutionConfigurationPlatforms) = preSolution
		Debug|Any CPU = Debug|Any CPU
		Release|Any CPU = Release|Any CPU
	EndGlobalSection
	GlobalSection(ProjectConfigurationPlatforms) = postSolution
		{647AF4E8-7B1F-4189-8E42-E5FE6F05DFCC}.Debug|Any CPU.ActiveCfg = Debug|Any CPU
		{647AF4E8-7B1F-4189-8E42-E5FE6F05DFCC}.Debug|Any CPU.Build.0 = Debug|Any CPU
		{647AF4E8-7B1F-4189-8E42-E5FE6F05DFCC}.Release|Any CPU.ActiveCfg = Release|Any CPU
		{647AF4E8-7B1F-4189-8E42-E5FE6F05DFCC}.Release|Any CPU.Build.0 = Release|Any CPU
	EndGlobalSection
	GlobalSection(SolutionProperties) = preSolution
		HideSolutionNode = FALSE
	EndGlobalSection
	GlobalSection(ExtensibilityGlobals) = postSolution
		SolutionGuid = {01B1D49F-C4E8-4AF9-99A5-08A4C8B5C69B}
	EndGlobalSection
EndGlobal
